
Microsoft Visual Studio Solution File, Format Version 12.00
Project("{FAE04EC0-301F-11D3-BF4B-00C04F79EFBC}") = "RabbitMQPublish", "RabbitMQPublish\RabbitMQPublish.csproj", "{B906F9A3-6F6D-4D89-8F70-A9DFC8BA6CE2}"
EndProject
Project("{FAE04EC0-301F-11D3-BF4B-00C04F79EFBC}") = "RabbitMQConsumer", "RabbitMQConsumer\RabbitMQConsumer.csproj", "{1F49D142-3688-4567-819D-898E52E152E5}"
EndProject
Global
	GlobalSection(SolutionConfigurationPlatforms) = preSolution
		Debug|Any CPU = Debug|Any CPU
		Release|Any CPU = Release|Any CPU
	EndGlobalSection
	GlobalSection(ProjectConfigurationPlatforms) = postSolution
		{B906F9A3-6F6D-4D89-8F70-A9DFC8BA6CE2}.Debug|Any CPU.ActiveCfg = Debug|Any CPU
		{B906F9A3-6F6D-4D89-8F70-A9DFC8BA6CE2}.Debug|Any CPU.Build.0 = Debug|Any CPU
		{B906F9A3-6F6D-4D89-8F70-A9DFC8BA6CE2}.Release|Any CPU.ActiveCfg = Release|Any CPU
		{B906F9A3-6F6D-4D89-8F70-A9DFC8BA6CE2}.Release|Any CPU.Build.0 = Release|Any CPU
		{1F49D142-3688-4567-819D-898E52E152E5}.Debug|Any CPU.ActiveCfg = Debug|Any CPU
		{1F49D142-3688-4567-819D-898E52E152E5}.Debug|Any CPU.Build.0 = Debug|Any CPU
		{1F49D142-3688-4567-819D-898E52E152E5}.Release|Any CPU.ActiveCfg = Release|Any CPU
		{1F49D142-3688-4567-819D-898E52E152E5}.Release|Any CPU.Build.0 = Release|Any CPU
	EndGlobalSection
EndGlobal
